
Microsoft Visual Studio Solution File, Format Version 12.00
# Visual Studio Version 17
VisualStudioVersion = 17.5.33530.505
MinimumVisualStudioVersion = 10.0.40219.1
Project("{FAE04EC0-301F-11D3-BF4B-00C04F79EFBC}") = "LocationKeeper", "LocationKeeper.csproj", "{6DEDBA4F-0501-4F4A-9133-4E796AB0923E}"
EndProject
Global
	GlobalSection(SolutionConfigurationPlatforms) = preSolution
		Debug|Any CPU = Debug|Any CPU
		Release|Any CPU = Release|Any CPU
	EndGlobalSection
	GlobalSection(ProjectConfigurationPlatforms) = postSolution
		{6DEDBA4F-0501-4F4A-9133-4E796AB0923E}.Debug|Any CPU.ActiveCfg = Debug|Any CPU
		{6DEDBA4F-0501-4F4A-9133-4E796AB0923E}.Debug|Any CPU.Build.0 = Debug|Any CPU
		{6DEDBA4F-0501-4F4A-9133-4E796AB0923E}.Release|Any CPU.ActiveCfg = Release|Any CPU
		{6DEDBA4F-0501-4F4A-9133-4E796AB0923E}.Release|Any CPU.Build.0 = Release|Any CPU
	EndGlobalSection
	GlobalSection(SolutionProperties) = preSolution
		HideSolutionNode = FALSE
	EndGlobalSection
	GlobalSection(ExtensibilityGlobals) = postSolution
		SolutionGuid = {22B602D2-095C-4A3C-84EF-D91957FC4C69}
	EndGlobalSection
EndGlobal
